
Microsoft Visual Studio Solution File, Format Version 12.00
# Visual Studio Version 16
VisualStudioVersion = 16.0.29306.81
MinimumVisualStudioVersion = 10.0.40219.1
Project("{FAE04EC0-301F-11D3-BF4B-00C04F79EFBC}") = "Capstone Project", "Capstone Project.csproj", "{7C372D17-6DCA-41C9-A7C2-735D5B149B36}"
EndProject
Global
	GlobalSection(SolutionConfigurationPlatforms) = preSolution
		Debug|Any CPU = Debug|Any CPU
		Release|Any CPU = Release|Any CPU
	EndGlobalSection
	GlobalSection(ProjectConfigurationPlatforms) = postSolution
		{7C372D17-6DCA-41C9-A7C2-735D5B149B36}.Debug|Any CPU.ActiveCfg = Debug|Any CPU
		{7C372D17-6DCA-41C9-A7C2-735D5B149B36}.Debug|Any CPU.Build.0 = Debug|Any CPU
		{7C372D17-6DCA-41C9-A7C2-735D5B149B36}.Release|Any CPU.ActiveCfg = Release|Any CPU
		{7C372D17-6DCA-41C9-A7C2-735D5B149B36}.Release|Any CPU.Build.0 = Release|Any CPU
	EndGlobalSection
	GlobalSection(SolutionProperties) = preSolution
		HideSolutionNode = FALSE
	EndGlobalSection
	GlobalSection(ExtensibilityGlobals) = postSolution
		SolutionGuid = {8176D672-910E-487C-B2BB-E790F673CF9E}
	EndGlobalSection
EndGlobal
